
Microsoft Visual Studio Solution File, Format Version 12.00
# Visual Studio Version 16
VisualStudioVersion = 16.0.29009.5
MinimumVisualStudioVersion = 10.0.40219.1
Project("{FAE04EC0-301F-11D3-BF4B-00C04F79EFBC}") = "WebApp_Mare_Telor_Tutorial", "WebApp_Mare_Telor_Tutorial\WebApp_Mare_Telor_Tutorial.csproj", "{43D88392-1E02-4175-9CBB-321BFC1314EA}"
EndProject
Project("{FAE04EC0-301F-11D3-BF4B-00C04F79EFBC}") = "WebApp_Tutorial_MarieTaylor", "WebApp_Tutorial_MarieTaylor\WebApp_Tutorial_MarieTaylor.csproj", "{64AFCC6D-7D82-4B28-B234-E54F0AE9F591}"
EndProject
Global
	GlobalSection(SolutionConfigurationPlatforms) = preSolution
		Debug|Any CPU = Debug|Any CPU
		Release|Any CPU = Release|Any CPU
	EndGlobalSection
	GlobalSection(ProjectConfigurationPlatforms) = postSolution
		{43D88392-1E02-4175-9CBB-321BFC1314EA}.Debug|Any CPU.ActiveCfg = Debug|Any CPU
		{43D88392-1E02-4175-9CBB-321BFC1314EA}.Debug|Any CPU.Build.0 = Debug|Any CPU
		{43D88392-1E02-4175-9CBB-321BFC1314EA}.Release|Any CPU.ActiveCfg = Release|Any CPU
		{43D88392-1E02-4175-9CBB-321BFC1314EA}.Release|Any CPU.Build.0 = Release|Any CPU
		{64AFCC6D-7D82-4B28-B234-E54F0AE9F591}.Debug|Any CPU.ActiveCfg = Debug|Any CPU
		{64AFCC6D-7D82-4B28-B234-E54F0AE9F591}.Debug|Any CPU.Build.0 = Debug|Any CPU
		{64AFCC6D-7D82-4B28-B234-E54F0AE9F591}.Release|Any CPU.ActiveCfg = Release|Any CPU
		{64AFCC6D-7D82-4B28-B234-E54F0AE9F591}.Release|Any CPU.Build.0 = Release|Any CPU
	EndGlobalSection
	GlobalSection(SolutionProperties) = preSolution
		HideSolutionNode = FALSE
	EndGlobalSection
	GlobalSection(ExtensibilityGlobals) = postSolution
		SolutionGuid = {8C3D15EC-CB90-445D-8196-1ADF408AC059}
	EndGlobalSection
EndGlobal
